github.com/beorn7/perks v0.0.0-20160804104726-4c0e84591b9a h1:BtpsbiV638WQZwhA98cEZw2BsbnQJrbd0BI7tsy0W1c=
github.com/beorn7/perks v0.0.0-20160804104726-4c0e84591b9a/go.mod h1:Dwedo/Wpr24TaqPxmxbtue+5NUziq4I4S80YR8gNf3Q=
github.com/certifi/gocertifi v0.0.0-20170727155124-3fd9e1adb12b h1:aKL6D1J3uESUIsImsFVtGA4/p9wlR4mNJ3lgRaxSXKs=
github.com/certifi/gocertifi v0.0.0-20170727155124-3fd9e1adb12b/go.mod h1:GJKEexRPVJrBSOjoqN5VNOIKJ5Q3RViH6eu3puDRwx4=
github.com/getsentry/raven-go v0.0.0-20170918144728-1452f6376ddb h1:iyTqU5vnx1Ng2igSVgSn1DVTATGp4o3uAdANri49bjU=
github.com/getsentry/raven-go v0.0.0-20170918144728-1452f6376ddb/go.mod h1:KungGk8q33+aIAZUIVWZDr2OfAEBsO49PX4NzFV5kcQ=
github.com/go-redis/redis v6.7.2+incompatible h1:Rs+L/Bp2c/dnTFwnqbAy0Ne7lj2f39huv2/LHejqbxk=
github.com/go-redis/redis v6.7.2+incompatible/go.mod h1:NAIEuMOZ/fxfXJIrKDQDz8wamY7mA7PouImQ2Jvg6kA=
github.com/golang/protobuf v0.0.0-20170920220647-130e6b02ab05 h1:Kesru7U6Mhpf/x7rthxAKnr586VFmoE2NdEvkOKvfjg=
github.com/golang/protobuf v0.0.0-20170920220647-130e6b02ab05/go.mod h1:6lQm79b+lXiMfvg/cZm0SGofjICqVBUtrP5yJMmIC1U=
github.com/ibigbug/ss-account v0.0.0-20181017054945-37caa9ab089b h1:v9Qgh9TCsNJ0BUTIOopP4WnEVc3sSVAD5UgZwm8AxcM=
github.com/ibigbug/ss-account v0.0.0-20181017054945-37caa9ab089b/go.mod h1:w1xRwF08jQfD2uZMjL8ehwstzn4SKpFb+5TDzSaqrc0=
github.com/matttproud/golang_protobuf_extensions v1.0.0 h1:YNOwxxSJzSUARoD9KRZLzM9Y858MNGCOACTvCW9TSAc=
github.com/matttproud/golang_protobuf_extensions v1.0.0/go.mod h1:D8He9yQNgCq6Z5Ld7szi9bcBfOoFv/3dc6xSMkL2PC0=
github.com/prometheus/client_golang v0.8.0 h1:1921Yw9Gc3iSc4VQh3PIoOqgPCZS7G/4xQNVUp8Mda8=
github.com/prometheus/client_golang v0.8.0/go.mod h1:7SWBe2y4D6OKWSNQJUaRYU/AaXPKyh/dDVn+NZz0KFw=
github.com/prometheus/client_model v0.0.0-20170216185247-6f3806018612 h1:13pIdM2tpaDi4OVe24fgoIS7ZTqMt0QI+bwQsX5hq+g=
github.com/prometheus/client_model v0.0.0-20170216185247-6f3806018612/go.mod h1:MbSGuTsp3dbXC40dX6PRTWyKYBIrTGTE9sqQNg2J8bo=
github.com/prometheus/common v0.0.0-20171006141418-1bab55dd05db h1:PmL7nSW2mvuotGlJKuvUcSI/eE86zwYUcIAGoB6eHBk=
github.com/prometheus/common v0.0.0-20171006141418-1bab55dd05db/go.mod h1:daVV7qP5qjZbuso7PdcryaAu0sAZbrN9i7WWcTMWvro=
github.com/prometheus/procfs v0.0.0-20170703101242-e645f4e5aaa8 h1:uZfczEBIA1FZfOQo4/JWgGnMNd/4HVsM9A+B30wtlkA=
github.com/prometheus/procfs v0.0.0-20170703101242-e645f4e5aaa8/go.mod h1:c3At6R/oaqEKCNdg8wHV1ftS6bRYblBhIjjI8uT2IGk=
